
Microsoft Visual Studio Solution File, Format Version 12.00
# Visual Studio Version 17
VisualStudioVersion = 17.4.33205.214
MinimumVisualStudioVersion = 10.0.40219.1
Project("{FAE04EC0-301F-11D3-BF4B-00C04F79EFBC}") = "Tic_Tac_Toe", "Tic_Tac_Toe\Tic_Tac_Toe.csproj", "{2654D2C6-62ED-41AC-A6B8-B17D6C619C9C}"
EndProject
Global
	GlobalSection(SolutionConfigurationPlatforms) = preSolution
		Debug|Any CPU = Debug|Any CPU
		Release|Any CPU = Release|Any CPU
	EndGlobalSection
	GlobalSection(ProjectConfigurationPlatforms) = postSolution
		{2654D2C6-62ED-41AC-A6B8-B17D6C619C9C}.Debug|Any CPU.ActiveCfg = Debug|Any CPU
		{2654D2C6-62ED-41AC-A6B8-B17D6C619C9C}.Debug|Any CPU.Build.0 = Debug|Any CPU
		{2654D2C6-62ED-41AC-A6B8-B17D6C619C9C}.Release|Any CPU.ActiveCfg = Release|Any CPU
		{2654D2C6-62ED-41AC-A6B8-B17D6C619C9C}.Release|Any CPU.Build.0 = Release|Any CPU
	EndGlobalSection
	GlobalSection(SolutionProperties) = preSolution
		HideSolutionNode = FALSE
	EndGlobalSection
	GlobalSection(ExtensibilityGlobals) = postSolution
		SolutionGuid = {08B78736-9C3C-4320-ADD3-6B7F2548B916}
	EndGlobalSection
EndGlobal
